
Microsoft Visual Studio Solution File, Format Version 12.00
# Visual Studio Version 16
VisualStudioVersion = 16.0.31624.102
MinimumVisualStudioVersion = 10.0.40219.1
Project("{888888A0-9F3D-457C-B088-3A5042F75D52}") = "Assign1", "Assign1\Assign1.pyproj", "{196D3CE9-9635-46A0-859D-0C8962153556}"
EndProject
Global
	GlobalSection(SolutionConfigurationPlatforms) = preSolution
		Debug|Any CPU = Debug|Any CPU
		Release|Any CPU = Release|Any CPU
	EndGlobalSection
	GlobalSection(ProjectConfigurationPlatforms) = postSolution
		{196D3CE9-9635-46A0-859D-0C8962153556}.Debug|Any CPU.ActiveCfg = Debug|Any CPU
		{196D3CE9-9635-46A0-859D-0C8962153556}.Release|Any CPU.ActiveCfg = Release|Any CPU
	EndGlobalSection
	GlobalSection(SolutionProperties) = preSolution
		HideSolutionNode = FALSE
	EndGlobalSection
	GlobalSection(ExtensibilityGlobals) = postSolution
		SolutionGuid = {4FE54393-F5A8-4396-AD9F-55405D381733}
	EndGlobalSection
EndGlobal
